// !$*UTF8*$!
{
	archiveVersion = 1;
	classes = {
	};
	objectVersion = 46;
	objects = {

/* Begin PBXBuildFile section */
		886E4D441FA8D27C00E3FD2A /* CustomTableViewCell.swift in Sources */ = {isa = PBXBuildFile; fileRef = 886E4D431FA8D27C00E3FD2A /* CustomTableViewCell.swift */; };
		88A4B4891FA8064700E586ED /* AppDelegate.swift in Sources */ = {isa = PBXBuildFile; fileRef = 88A4B4881FA8064700E586ED /* AppDelegate.swift */; };
		88A4B48B1FA8064700E586ED /* ViewController.swift in Sources */ = {isa = PBXBuildFile; fileRef = 88A4B48A1FA8064700E586ED /* ViewController.swift */; };
		88A4B48E1FA8064700E586ED /* Main.storyboard in Resources */ = {isa = PBXBuildFile; fileRef = 88A4B48C1FA8064700E586ED /* Main.storyboard */; };
		88A4B4901FA8064700E586ED /* Assets.xcassets in Resources */ = {isa = PBXBuildFile; fileRef = 88A4B48F1FA8064700E586ED /* Assets.xcassets */; };
		88A4B4931FA8064700E586ED /* LaunchScreen.storyboard in Resources */ = {isa = PBXBuildFile; fileRef = 88A4B4911FA8064700E586ED /* LaunchScreen.storyboard */; };
/* End PBXBuildFile section */

/* Begin PBXFileReference section */
		886E4D431FA8D27C00E3FD2A /* CustomTableViewCell.swift */ = {isa = PBXFileReference; fileEncoding = 4; lastKnownFileType = sourcecode.swift; path = CustomTableViewCell.swift; sourceTree = "<group>"; };
		88A4B4851FA8064700E586ED /* URLSessions.app */ = {isa = PBXFileReference; explicitFileType = wrapper.application; includeInIndex = 0; path = URLSessions.app; sourceTree = BUILT_PRODUCTS_DIR; };
		88A4B4881FA8064700E586ED /* AppDelegate.swift */ = {isa = PBXFileReference; lastKnownFileType = sourcecode.swift; path = AppDelegate.swift; sourceTree = "<group>"; };
		88A4B48A1FA8064700E586ED /* ViewController.swift */ = {isa = PBXFileReference; lastKnownFileType = sourcecode.swift; path = ViewController.swift; sourceTree = "<group>"; };
		88A4B48D1FA8064700E586ED /* Base */ = {isa = PBXFileReference; lastKnownFileType = file.storyboard; name = Base; path = Base.lproj/Main.storyboard; sourceTree = "<group>"; };
		88A4B48F1FA8064700E586ED /* Assets.xcassets */ = {isa = PBXFileReference; lastKnownFileType = folder.assetcatalog; path = Assets.xcassets; sourceTree = "<group>"; };
		88A4B4921FA8064700E586ED /* Base */ = {isa = PBXFileReference; lastKnownFileType = file.storyboard; name = Base; path = Base.lproj/LaunchScreen.storyboard; sourceTree = "<group>"; };
		88A4B4941FA8064700E586ED /* Info.plist */ = {isa = PBXFileReference; lastKnownFileType = text.plist.xml; path = Info.plist; sourceTree = "<group>"; };
/* End PBXFileReference section */

/* Begin PBXFrameworksBuildPhase section */
		88A4B4821FA8064700E586ED /* Frameworks */ = {
			isa = PBXFrameworksBuildPhase;
			buildActionMask = 2147483647;
			files = (
			);
			runOnlyForDeploymentPostprocessing = 0;
		};
/* End PBXFrameworksBuildPhase section */

/* Begin PBXGroup section */
		88A4B47C1FA8064700E586ED = {
			isa = PBXGroup;
			children = (
				88A4B4871FA8064700E586ED /* URLSessions */,
				88A4B4861FA8064700E586ED /* Products */,
			);
			sourceTree = "<group>";
		};
		88A4B4861FA8064700E586ED /* Products */ = {
			isa = PBXGroup;
			children = (
				88A4B4851FA8064700E586ED /* URLSessions.app */,
			);
			name = Products;
			sourceTree = "<group>";
		};
		88A4B4871FA8064700E586ED /* URLSessions */ = {
			isa = PBXGroup;
			children = (
				88A4B4881FA8064700E586ED /* AppDelegate.swift */,
				88A4B48A1FA8064700E586ED /* ViewController.swift */,
				886E4D431FA8D27C00E3FD2A /* CustomTableViewCell.swift */,
				88A4B48C1FA8064700E586ED /* Main.storyboard */,
				88A4B48F1FA8064700E586ED /* Assets.xcassets */,
				88A4B4911FA8064700E586ED /* LaunchScreen.storyboard */,
				88A4B4941FA8064700E586ED /* Info.plist */,
			);
			path = URLSessions;
			sourceTree = "<group>";
		};
/* End PBXGroup section */

/* Begin PBXNativeTarget section */
		88A4B4841FA8064700E586ED /* URLSessions */ = {
			isa = PBXNativeTarget;
			buildConfigurationList = 88A4B4971FA8064700E586ED /* Build configuration list for PBXNativeTarget "URLSessions" */;
			buildPhases = (
				88A4B4811FA8064700E586ED /* Sources */,
				88A4B4821FA8064700E586ED /* Frameworks */,
				88A4B4831FA8064700E586ED /* Resources */,
			);
			buildRules = (
			);
			dependencies = (
			);
			name = URLSessions;
			productName = URLSessions;
			productReference = 88A4B4851FA8064700E586ED /* URLSessions.app */;
			productType = "com.apple.product-type.application";
		};
/* End PBXNativeTarget section */

/* Begin PBXProject section */
		88A4B47D1FA8064700E586ED /* Project object */ = {
			isa = PBXProject;
			attributes = {
				LastSwiftUpdateCheck = 0830;
				LastUpgradeCheck = 0830;
				ORGANIZATIONNAME = "Kumar, Sravan";
				TargetAttributes = {
					88A4B4841FA8064700E586ED = {
						CreatedOnToolsVersion = 8.3.3;
						DevelopmentTeam = 643G3RL44Z;
						ProvisioningStyle = Automatic;
					};
				};
			};
			buildConfigurationList = 88A4B4801FA8064700E586ED /* Build configuration list for PBXProject "URLSessions" */;
			compatibilityVersion = "Xcode 3.2";
			developmentRegion = English;
			hasScannedForEncodings = 0;
			knownRegions = (
				en,
				Base,
			);
			mainGroup = 88A4B47C1FA8064700E586ED;
			productRefGroup = 88A4B4861FA8064700E586ED /* Products */;
			projectDirPath = "";
			projectRoot = "";
			targets = (
				88A4B4841FA8064700E586ED /* URLSessions */,
			);
		};
/* End PBXProject section */

/* Begin PBXResourcesBuildPhase section */
		88A4B4831FA8064700E586ED /* Resources */ = {
			isa = PBXResourcesBuildPhase;
			buildActionMask = 2147483647;
			files = (
				88A4B4931FA8064700E586ED /* LaunchScreen.storyboard in Resources */,
				88A4B4901FA8064700E586ED /* Assets.xcassets in Resources */,
				88A4B48E1FA8064700E586ED /* Main.storyboard in Resources */,
			);
			runOnlyForDeploymentPostprocessing = 0;
		};
/* End PBXResourcesBuildPhase section */

/* Begin PBXSourcesBuildPhase section */
		88A4B4811FA8064700E586ED /* Sources */ = {
			isa = PBXSourcesBuildPhase;
			buildActionMask = 2147483647;
			files = (
				886E4D441FA8D27C00E3FD2A /* CustomTableViewCell.swift in Sources */,
				88A4B48B1FA8064700E586ED /* ViewController.swift in Sources */,
				88A4B4891FA8064700E586ED /* AppDelegate.swift in Sources */,
			);
			runOnlyForDeploymentPostprocessing = 0;
		};
/* End PBXSourcesBuildPhase section */

/* Begin PBXVariantGroup section */
		88A4B48C1FA8064700E586ED /* Main.storyboard */ = {
			isa = PBXVariantGroup;
			children = (
				88A4B48D1FA8064700E586ED /* Base */,
			);
			name = Main.storyboard;
			sourceTree = "<group>";
		};
		88A4B4911FA8064700E586ED /* LaunchScreen.storyboard */ = {
			isa = PBXVariantGroup;
			children = (
				88A4B4921FA8064700E586ED /* Base */,
			);
			name = LaunchScreen.storyboard;
			sourceTree = "<group>";
		};
/* End PBXVariantGroup section */

/* Begin XCBuildConfiguration section */
		88A4B4951FA8064700E586ED /* Debug */ = {
			isa = XCBuildConfiguration;
			buildSettings = {
				ALWAYS_SEARCH_USER_PATHS = NO;
				CLANG_ANALYZER_NONNULL = YES;
				CLANG_ANALYZER_NUMBER_OBJECT_CONVERSION = YES_AGGRESSIVE;
				CLANG_CXX_LANGUAGE_STANDARD = "gnu++0x";
				CLANG_CXX_LIBRARY = "libc++";
				CLANG_ENABLE_MODULES = YES;
				CLANG_ENABLE_OBJC_ARC = YES;
				CLANG_WARN_BOOL_CONVERSION = YES;
				CLANG_WARN_CONSTANT_CONVERSION = YES;
				CLANG_WARN_DIRECT_OBJC_ISA_USAGE = YES_ERROR;
				CLANG_WARN_DOCUMENTATION_COMMENTS = YES;
				CLANG_WARN_EMPTY_BODY = YES;
				CLANG_WARN_ENUM_CONVERSION = YES;
				CLANG_WARN_INFINITE_RECURSION = YES;
				CLANG_WARN_INT_CONVERSION = YES;
				CLANG_WARN_OBJC_ROOT_CLASS = YES_ERROR;
				CLANG_WARN_SUSPICIOUS_MOVE = YES;
				CLANG_WARN_UNREACHABLE_CODE = YES;
				CLANG_WARN__DUPLICATE_METHOD_MATCH = YES;
				"CODE_SIGN_IDENTITY[sdk=iphoneos*]" = "iPhone Developer";
				COPY_PHASE_STRIP = NO;
				DEBUG_INFORMATION_FORMAT = dwarf;
				ENABLE_STRICT_OBJC_MSGSEND = YES;
				ENABLE_TESTABILITY = YES;
				GCC_C_LANGUAGE_STANDARD = gnu99;
				GCC_DYNAMIC_NO_PIC = NO;
				GCC_NO_COMMON_BLOCKS = YES;
				GCC_OPTIMIZATION_LEVEL = 0;
				GCC_PREPROCESSOR_DEFINITIONS = (
					"DEBUG=1",
					"$(inherited)",
				);
				GCC_WARN_64_TO_32_BIT_CONVERSION = YES;
				GCC_WARN_ABOUT_RETURN_TYPE = YES_ERROR;
				GCC_WARN_UNDECLARED_SELECTOR = YES;
				GCC_WARN_UNINITIALIZED_AUTOS = YES_AGGRESSIVE;
				GCC_WARN_UNUSED_FUNCTION = YES;
				GCC_WARN_UNUSED_VARIABLE = YES;
				IPHONEOS_DEPLOYMENT_TARGET = 10.3;
				MTL_ENABLE_DEBUG_INFO = YES;
				ONLY_ACTIVE_ARCH = YES;
				SDKROOT = iphoneos;
				SWIFT_ACTIVE_COMPILATION_CONDITIONS = DEBUG;
				SWIFT_OPTIMIZATION_LEVEL = "-Onone";
			};
			name = Debug;
		};
		88A4B4961FA8064700E586ED /* Release */ = {
			isa = XCBuildConfiguration;
			buildSettings = {
				ALWAYS_SEARCH_USER_PATHS = NO;
				CLANG_ANALYZER_NONNULL = YES;
				CLANG_ANALYZER_NUMBER_OBJECT_CONVERSION = YES_AGGRESSIVE;
				CLANG_CXX_LANGUAGE_STANDARD = "gnu++0x";
				CLANG_CXX_LIBRARY = "libc++";
				CLANG_ENABLE_MODULES = YES;
				CLANG_ENABLE_OBJC_ARC = YES;
				CLANG_WARN_BOOL_CONVERSION = YES;
				CLANG_WARN_CONSTANT_CONVERSION = YES;
				CLANG_WARN_DIRECT_OBJC_ISA_USAGE = YES_ERROR;
				CLANG_WARN_DOCUMENTATION_COMMENTS = YES;
				CLANG_WARN_EMPTY_BODY = YES;
				CLANG_WARN_ENUM_CONVERSION = YES;
				CLANG_WARN_INFINITE_RECURSION = YES;
				CLANG_WARN_INT_CONVERSION = YES;
				CLANG_WARN_OBJC_ROOT_CLASS = YES_ERROR;
				CLANG_WARN_SUSPICIOUS_MOVE = YES;
				CLANG_WARN_UNREACHABLE_CODE = YES;
				CLANG_WARN__DUPLICATE_METHOD_MATCH = YES;
				"CODE_SIGN_IDENTITY[sdk=iphoneos*]" = "iPhone Developer";
				COPY_PHASE_STRIP = NO;
				DEBUG_INFORMATION_FORMAT = "dwarf-with-dsym";
				ENABLE_NS_ASSERTIONS = NO;
				ENABLE_STRICT_OBJC_MSGSEND = YES;
				GCC_C_LANGUAGE_STANDARD = gnu99;
				GCC_NO_COMMON_BLOCKS = YES;
				GCC_WARN_64_TO_32_BIT_CONVERSION = YES;
				GCC_WARN_ABOUT_RETURN_TYPE = YES_ERROR;
				GCC_WARN_UNDECLARED_SELECTOR = YES;
				GCC_WARN_UNINITIALIZED_AUTOS = YES_AGGRESSIVE;
				GCC_WARN_UNUSED_FUNCTION = YES;
				GCC_WARN_UNUSED_VARIABLE = YES;
				IPHONEOS_DEPLOYMENT_TARGET = 10.3;
				MTL_ENABLE_DEBUG_INFO = NO;
				SDKROOT = iphoneos;
				SWIFT_OPTIMIZATION_LEVEL = "-Owholemodule";
				VALIDATE_PRODUCT = YES;
			};
			name = Release;
		};
		88A4B4981FA8064700E586ED /* Debug */ = {
			isa = XCBuildConfiguration;
			buildSettings = {
				ASSETCATALOG_COMPILER_APPICON_NAME = AppIcon;
				DEVELOPMENT_TEAM = 643G3RL44Z;
				INFOPLIST_FILE = URLSessions/Info.plist;
				LD_RUNPATH_SEARCH_PATHS = "$(inherited) @executable_path/Frameworks";
				PRODUCT_BUNDLE_IDENTIFIER = com.ecknologic.URLSessions;
				PRODUCT_NAME = "$(TARGET_NAME)";
				SWIFT_VERSION = 3.0;
			};
			name = Debug;
		};
		88A4B4991FA8064700E586ED /* Release */ = {
			isa = XCBuildConfiguration;
			buildSettings = {
				ASSETCATALOG_COMPILER_APPICON_NAME = AppIcon;
				DEVELOPMENT_TEAM = 643G3RL44Z;
				INFOPLIST_FILE = URLSessions/Info.plist;
				LD_RUNPATH_SEARCH_PATHS = "$(inherited) @executable_path/Frameworks";
				PRODUCT_BUNDLE_IDENTIFIER = com.ecknologic.URLSessions;
				PRODUCT_NAME = "$(TARGET_NAME)";
				SWIFT_VERSION = 3.0;
			};
			name = Release;
		};
/* End XCBuildConfiguration section */

/* Begin XCConfigurationList section */
		88A4B4801FA8064700E586ED /* Build configuration list for PBXProject "URLSessions" */ = {
			isa = XCConfigurationList;
			buildConfigurations = (
				88A4B4951FA8064700E586ED /* Debug */,
				88A4B4961FA8064700E586ED /* Release */,
			);
			defaultConfigurationIsVisible = 0;
			defaultConfigurationName = Release;
		};
		88A4B4971FA8064700E586ED /* Build configuration list for PBXNativeTarget "URLSessions" */ = {
			isa = XCConfigurationList;
			buildConfigurations = (
				88A4B4981FA8064700E586ED /* Debug */,
				88A4B4991FA8064700E586ED /* Release */,
			);
			defaultConfigurationIsVisible = 0;
			defaultConfigurationName = Release;
		};
/* End XCConfigurationList section */
	};
	rootObject = 88A4B47D1FA8064700E586ED /* Project object */;
}
